
Microsoft Visual Studio Solution File, Format Version 12.00
# Visual Studio Version 17
VisualStudioVersion = 17.14.36310.24 d17.14
MinimumVisualStudioVersion = 10.0.40219.1
Project("{FAE04EC0-301F-11D3-BF4B-00C04F79EFBC}") = "JiraCommenter", "JiraCommenter\JiraCommenter.csproj", "{E4E45E8D-6574-41B8-9071-D1DF5173FF3E}"
EndProject
Global
	GlobalSection(SolutionConfigurationPlatforms) = preSolution
		Debug|Any CPU = Debug|Any CPU
		Release|Any CPU = Release|Any CPU
	EndGlobalSection
	GlobalSection(ProjectConfigurationPlatforms) = postSolution
		{E4E45E8D-6574-41B8-9071-D1DF5173FF3E}.Debug|Any CPU.ActiveCfg = Debug|Any CPU
		{E4E45E8D-6574-41B8-9071-D1DF5173FF3E}.Debug|Any CPU.Build.0 = Debug|Any CPU
		{E4E45E8D-6574-41B8-9071-D1DF5173FF3E}.Release|Any CPU.ActiveCfg = Release|Any CPU
		{E4E45E8D-6574-41B8-9071-D1DF5173FF3E}.Release|Any CPU.Build.0 = Release|Any CPU
	EndGlobalSection
	GlobalSection(SolutionProperties) = preSolution
		HideSolutionNode = FALSE
	EndGlobalSection
	GlobalSection(ExtensibilityGlobals) = postSolution
		SolutionGuid = {90FE2ABC-9C81-46D1-BAAB-51D38DFD0B55}
	EndGlobalSection
EndGlobal
